PODS:
  - Flutter (1.0.0)
  - flutter_core_spotlight (0.0.1):
    - Flutter
  - flutter_native_alert (0.0.1):
    - Flutter
    - WHToast
  - WHToast (0.0.7)

DEPENDENCIES:
  - Flutter (from `Flutter`)
  - flutter_core_spotlight (from `.symlinks/plugins/flutter_core_spotlight/ios`)
  - flutter_native_alert (from `.symlinks/plugins/flutter_native_alert/ios`)

SPEC REPOS:
  trunk:
    - WHToast

EXTERNAL SOURCES:
  Flutter:
    :path: Flutter
  flutter_core_spotlight:
    :path: ".symlinks/plugins/flutter_core_spotlight/ios"
  flutter_native_alert:
    :path: ".symlinks/plugins/flutter_native_alert/ios"

SPEC CHECKSUMS:
  Flutter: 434fef37c0980e73bb6479ef766c45957d4b510c
  flutter_core_spotlight: d79a87d3264b30a0e12f602246d81303f4122b8f
  flutter_native_alert: 7af301c7c5ce19f536fa2018d8da42d25e7e7e2e
  WHToast: 11a17a3f09f5f733e32bd6f3338919a448cbb719

PODFILE CHECKSUM: aafe91acc616949ddb318b77800a7f51bffa2a4c

COCOAPODS: 1.10.1
